
Microsoft Visual Studio Solution File, Format Version 12.00
# Visual Studio 15
VisualStudioVersion = 15.0.28307.168
MinimumVisualStudioVersion = 10.0.40219.1
Project("{FAE04EC0-301F-11D3-BF4B-00C04F79EFBC}") = "ConexionDB", "CapaConexion\ConexionDB.csproj", "{71F7C94C-8CA2-4930-8E85-033FEE1FBB17}"
EndProject
Project("{FAE04EC0-301F-11D3-BF4B-00C04F79EFBC}") = "DTO", "DTO\DTO.csproj", "{3ADDA92F-2BFF-4153-8E8F-338C55D5C0D3}"
EndProject
Project("{FAE04EC0-301F-11D3-BF4B-00C04F79EFBC}") = "Negocio", "Negocio\Negocio.csproj", "{2EAAF207-FDA9-44F4-ADE2-DFE35FB0F677}"
EndProject
Project("{FAE04EC0-301F-11D3-BF4B-00C04F79EFBC}") = "GUI", "GUI\GUI.csproj", "{6DCA0594-9D73-40C2-AD9C-05BA7A811CF3}"
EndProject
Project("{FAE04EC0-301F-11D3-BF4B-00C04F79EFBC}") = "CapaServicio", "CapaServicio\CapaServicio.csproj", "{8031BD05-E476-475B-8552-1B339AC7C65F}"
EndProject
Global
	GlobalSection(SolutionConfigurationPlatforms) = preSolution
		Debug|Any CPU = Debug|Any CPU
		Release|Any CPU = Release|Any CPU
	EndGlobalSection
	GlobalSection(ProjectConfigurationPlatforms) = postSolution
		{71F7C94C-8CA2-4930-8E85-033FEE1FBB17}.Debug|Any CPU.ActiveCfg = Debug|Any CPU
		{71F7C94C-8CA2-4930-8E85-033FEE1FBB17}.Debug|Any CPU.Build.0 = Debug|Any CPU
		{71F7C94C-8CA2-4930-8E85-033FEE1FBB17}.Release|Any CPU.ActiveCfg = Release|Any CPU
		{71F7C94C-8CA2-4930-8E85-033FEE1FBB17}.Release|Any CPU.Build.0 = Release|Any CPU
		{3ADDA92F-2BFF-4153-8E8F-338C55D5C0D3}.Debug|Any CPU.ActiveCfg = Debug|Any CPU
		{3ADDA92F-2BFF-4153-8E8F-338C55D5C0D3}.Debug|Any CPU.Build.0 = Debug|Any CPU
		{3ADDA92F-2BFF-4153-8E8F-338C55D5C0D3}.Release|Any CPU.ActiveCfg = Release|Any CPU
		{3ADDA92F-2BFF-4153-8E8F-338C55D5C0D3}.Release|Any CPU.Build.0 = Release|Any CPU
		{2EAAF207-FDA9-44F4-ADE2-DFE35FB0F677}.Debug|Any CPU.ActiveCfg = Debug|Any CPU
		{2EAAF207-FDA9-44F4-ADE2-DFE35FB0F677}.Debug|Any CPU.Build.0 = Debug|Any CPU
		{2EAAF207-FDA9-44F4-ADE2-DFE35FB0F677}.Release|Any CPU.ActiveCfg = Release|Any CPU
		{2EAAF207-FDA9-44F4-ADE2-DFE35FB0F677}.Release|Any CPU.Build.0 = Release|Any CPU
		{6DCA0594-9D73-40C2-AD9C-05BA7A811CF3}.Debug|Any CPU.ActiveCfg = Debug|Any CPU
		{6DCA0594-9D73-40C2-AD9C-05BA7A811CF3}.Debug|Any CPU.Build.0 = Debug|Any CPU
		{6DCA0594-9D73-40C2-AD9C-05BA7A811CF3}.Release|Any CPU.ActiveCfg = Release|Any CPU
		{6DCA0594-9D73-40C2-AD9C-05BA7A811CF3}.Release|Any CPU.Build.0 = Release|Any CPU
		{8031BD05-E476-475B-8552-1B339AC7C65F}.Debug|Any CPU.ActiveCfg = Debug|Any CPU
		{8031BD05-E476-475B-8552-1B339AC7C65F}.Debug|Any CPU.Build.0 = Debug|Any CPU
		{8031BD05-E476-475B-8552-1B339AC7C65F}.Release|Any CPU.ActiveCfg = Release|Any CPU
		{8031BD05-E476-475B-8552-1B339AC7C65F}.Release|Any CPU.Build.0 = Release|Any CPU
	EndGlobalSection
	GlobalSection(SolutionProperties) = preSolution
		HideSolutionNode = FALSE
	EndGlobalSection
	GlobalSection(ExtensibilityGlobals) = postSolution
		SolutionGuid = {8C3B5724-D14E-4DBF-9CF6-4FE29998912E}
	EndGlobalSection
EndGlobal
